
Microsoft Visual Studio Solution File, Format Version 12.00
# Visual Studio Version 17
VisualStudioVersion = 17.0.32014.148
MinimumVisualStudioVersion = 10.0.40219.1
Project("{8BC9CEB8-8B4A-11D0-8D11-00A0C91BC942}") = "Day1", "2021\Day1\AdventOfCode.vcxproj", "{7F244546-DCFC-4635-AE98-CB1A811A086C}"
EndProject
Project("{8BC9CEB8-8B4A-11D0-8D11-00A0C91BC942}") = "Day2", "2021\Day2\Day2.vcxproj", "{C7EC11C1-A078-443E-BEB7-7AF80BA5FD7C}"
EndProject
Project("{8BC9CEB8-8B4A-11D0-8D11-00A0C91BC942}") = "Day3", "2021\Day3\Day3.vcxproj", "{7C2AAD1C-D36A-4157-A2B6-A113AD5F2B8C}"
EndProject
Project("{8BC9CEB8-8B4A-11D0-8D11-00A0C91BC942}") = "Day4", "2021\Day4\Day4.vcxproj", "{E456C0F1-08E0-4E7D-BA4A-2E6A0F249B3E}"
EndProject
Project("{8BC9CEB8-8B4A-11D0-8D11-00A0C91BC942}") = "Day5", "2021\Day5\Day5.vcxproj", "{1447E769-52FF-4D1A-943B-74FC91B955C9}"
EndProject
Project("{8BC9CEB8-8B4A-11D0-8D11-00A0C91BC942}") = "Day6", "2021\Day6\Day6.vcxproj", "{63EEC362-2CD7-4CD1-99CE-D629AA57C4D7}"
EndProject
Project("{8BC9CEB8-8B4A-11D0-8D11-00A0C91BC942}") = "Day7", "2021\Day7\Day7.vcxproj", "{DA8980B1-6393-48B5-80BD-F11D98078806}"
EndProject
Project("{8BC9CEB8-8B4A-11D0-8D11-00A0C91BC942}") = "Day8", "2021\Day8\Day8.vcxproj", "{C985AF51-F4D7-4DC9-A926-B5EDA5F0DBCC}"
EndProject
Project("{8BC9CEB8-8B4A-11D0-8D11-00A0C91BC942}") = "Day1", "2022\Day1\Day1\Day1.vcxproj", "{BF68550C-6EF7-483D-9896-3D43340E2DC3}"
EndProject
Project("{8BC9CEB8-8B4A-11D0-8D11-00A0C91BC942}") = "Day2_2022", "2022\Day2\Day2_2022.vcxproj", "{E49C9809-8A72-4F16-9512-1D8E8155B8C6}"
EndProject
Project("{8BC9CEB8-8B4A-11D0-8D11-00A0C91BC942}") = "Day3_2022", "2022\Day3_2022\Day3_2022.vcxproj", "{E669CC7E-7519-4A8B-A2F2-82985C8DBB14}"
EndProject
Project("{8BC9CEB8-8B4A-11D0-8D11-00A0C91BC942}") = "Day4_2022", "2022\Day4_2022\Day4_2022.vcxproj", "{4A2D6B37-CEE8-42B0-B640-5B1837C05D8F}"
EndProject
Project("{8BC9CEB8-8B4A-11D0-8D11-00A0C91BC942}") = "Day5_2022", "2022\Day5_2022\Day5_2022.vcxproj", "{C516AE11-4BFD-4800-84CD-2D6436A32FD0}"
EndProject
Project("{8BC9CEB8-8B4A-11D0-8D11-00A0C91BC942}") = "Day6_2022", "Day6_2022\Day6_2022.vcxproj", "{84E50E2A-BF9C-4CEC-AC6D-CF19B3CF1479}"
EndProject
Project("{8BC9CEB8-8B4A-11D0-8D11-00A0C91BC942}") = "Day7_2022", "Day7_2022\Day7_2022.vcxproj", "{E2FBA61B-51DD-4061-A7EC-88D8C101F641}"
EndProject
Global
	GlobalSection(SolutionConfigurationPlatforms) = preSolution
		Debug|x64 = Debug|x64
		Debug|x86 = Debug|x86
		Release|x64 = Release|x64
		Release|x86 = Release|x86
	EndGlobalSection
	GlobalSection(ProjectConfigurationPlatforms) = postSolution
		{7F244546-DCFC-4635-AE98-CB1A811A086C}.Debug|x64.ActiveCfg = Debug|x64
		{7F244546-DCFC-4635-AE98-CB1A811A086C}.Debug|x64.Build.0 = Debug|x64
		{7F244546-DCFC-4635-AE98-CB1A811A086C}.Debug|x86.ActiveCfg = Debug|Win32
		{7F244546-DCFC-4635-AE98-CB1A811A086C}.Debug|x86.Build.0 = Debug|Win32
		{7F244546-DCFC-4635-AE98-CB1A811A086C}.Release|x64.ActiveCfg = Release|x64
		{7F244546-DCFC-4635-AE98-CB1A811A086C}.Release|x64.Build.0 = Release|x64
		{7F244546-DCFC-4635-AE98-CB1A811A086C}.Release|x86.ActiveCfg = Release|Win32
		{7F244546-DCFC-4635-AE98-CB1A811A086C}.Release|x86.Build.0 = Release|Win32
		{C7EC11C1-A078-443E-BEB7-7AF80BA5FD7C}.Debug|x64.ActiveCfg = Debug|x64
		{C7EC11C1-A078-443E-BEB7-7AF80BA5FD7C}.Debug|x64.Build.0 = Debug|x64
		{C7EC11C1-A078-443E-BEB7-7AF80BA5FD7C}.Debug|x86.ActiveCfg = Debug|Win32
		{C7EC11C1-A078-443E-BEB7-7AF80BA5FD7C}.Debug|x86.Build.0 = Debug|Win32
		{C7EC11C1-A078-443E-BEB7-7AF80BA5FD7C}.Release|x64.ActiveCfg = Release|x64
		{C7EC11C1-A078-443E-BEB7-7AF80BA5FD7C}.Release|x64.Build.0 = Release|x64
		{C7EC11C1-A078-443E-BEB7-7AF80BA5FD7C}.Release|x86.ActiveCfg = Release|Win32
		{C7EC11C1-A078-443E-BEB7-7AF80BA5FD7C}.Release|x86.Build.0 = Release|Win32
		{7C2AAD1C-D36A-4157-A2B6-A113AD5F2B8C}.Debug|x64.ActiveCfg = Debug|x64
		{7C2AAD1C-D36A-4157-A2B6-A113AD5F2B8C}.Debug|x64.Build.0 = Debug|x64
		{7C2AAD1C-D36A-4157-A2B6-A113AD5F2B8C}.Debug|x86.ActiveCfg = Debug|Win32
		{7C2AAD1C-D36A-4157-A2B6-A113AD5F2B8C}.Debug|x86.Build.0 = Debug|Win32
		{7C2AAD1C-D36A-4157-A2B6-A113AD5F2B8C}.Release|x64.ActiveCfg = Release|x64
		{7C2AAD1C-D36A-4157-A2B6-A113AD5F2B8C}.Release|x64.Build.0 = Release|x64
		{7C2AAD1C-D36A-4157-A2B6-A113AD5F2B8C}.Release|x86.ActiveCfg = Release|Win32
		{7C2AAD1C-D36A-4157-A2B6-A113AD5F2B8C}.Release|x86.Build.0 = Release|Win32
		{E456C0F1-08E0-4E7D-BA4A-2E6A0F249B3E}.Debug|x64.ActiveCfg = Debug|x64
		{E456C0F1-08E0-4E7D-BA4A-2E6A0F249B3E}.Debug|x64.Build.0 = Debug|x64
		{E456C0F1-08E0-4E7D-BA4A-2E6A0F249B3E}.Debug|x86.ActiveCfg = Debug|Win32
		{E456C0F1-08E0-4E7D-BA4A-2E6A0F249B3E}.Debug|x86.Build.0 = Debug|Win32
		{E456C0F1-08E0-4E7D-BA4A-2E6A0F249B3E}.Release|x64.ActiveCfg = Release|x64
		{E456C0F1-08E0-4E7D-BA4A-2E6A0F249B3E}.Release|x64.Build.0 = Release|x64
		{E456C0F1-08E0-4E7D-BA4A-2E6A0F249B3E}.Release|x86.ActiveCfg = Release|Win32
		{E456C0F1-08E0-4E7D-BA4A-2E6A0F249B3E}.Release|x86.Build.0 = Release|Win32
		{1447E769-52FF-4D1A-943B-74FC91B955C9}.Debug|x64.ActiveCfg = Debug|x64
		{1447E769-52FF-4D1A-943B-74FC91B955C9}.Debug|x64.Build.0 = Debug|x64
		{1447E769-52FF-4D1A-943B-74FC91B955C9}.Debug|x86.ActiveCfg = Debug|Win32
		{1447E769-52FF-4D1A-943B-74FC91B955C9}.Debug|x86.Build.0 = Debug|Win32
		{1447E769-52FF-4D1A-943B-74FC91B955C9}.Release|x64.ActiveCfg = Release|x64
		{1447E769-52FF-4D1A-943B-74FC91B955C9}.Release|x64.Build.0 = Release|x64
		{1447E769-52FF-4D1A-943B-74FC91B955C9}.Release|x86.ActiveCfg = Release|Win32
		{1447E769-52FF-4D1A-943B-74FC91B955C9}.Release|x86.Build.0 = Release|Win32
		{63EEC362-2CD7-4CD1-99CE-D629AA57C4D7}.Debug|x64.ActiveCfg = Debug|x64
		{63EEC362-2CD7-4CD1-99CE-D629AA57C4D7}.Debug|x64.Build.0 = Debug|x64
		{63EEC362-2CD7-4CD1-99CE-D629AA57C4D7}.Debug|x86.ActiveCfg = Debug|Win32
		{63EEC362-2CD7-4CD1-99CE-D629AA57C4D7}.Debug|x86.Build.0 = Debug|Win32
		{63EEC362-2CD7-4CD1-99CE-D629AA57C4D7}.Release|x64.ActiveCfg = Release|x64
		{63EEC362-2CD7-4CD1-99CE-D629AA57C4D7}.Release|x64.Build.0 = Release|x64
		{63EEC362-2CD7-4CD1-99CE-D629AA57C4D7}.Release|x86.ActiveCfg = Release|Win32
		{63EEC362-2CD7-4CD1-99CE-D629AA57C4D7}.Release|x86.Build.0 = Release|Win32
		{DA8980B1-6393-48B5-80BD-F11D98078806}.Debug|x64.ActiveCfg = Debug|x64
		{DA8980B1-6393-48B5-80BD-F11D98078806}.Debug|x64.Build.0 = Debug|x64
		{DA8980B1-6393-48B5-80BD-F11D98078806}.Debug|x86.ActiveCfg = Debug|Win32
		{DA8980B1-6393-48B5-80BD-F11D98078806}.Debug|x86.Build.0 = Debug|Win32
		{DA8980B1-6393-48B5-80BD-F11D98078806}.Release|x64.ActiveCfg = Release|x64
		{DA8980B1-6393-48B5-80BD-F11D98078806}.Release|x64.Build.0 = Release|x64
		{DA8980B1-6393-48B5-80BD-F11D98078806}.Release|x86.ActiveCfg = Release|Win32
		{DA8980B1-6393-48B5-80BD-F11D98078806}.Release|x86.Build.0 = Release|Win32
		{C985AF51-F4D7-4DC9-A926-B5EDA5F0DBCC}.Debug|x64.ActiveCfg = Debug|x64
		{C985AF51-F4D7-4DC9-A926-B5EDA5F0DBCC}.Debug|x64.Build.0 = Debug|x64
		{C985AF51-F4D7-4DC9-A926-B5EDA5F0DBCC}.Debug|x86.ActiveCfg = Debug|Win32
		{C985AF51-F4D7-4DC9-A926-B5EDA5F0DBCC}.Debug|x86.Build.0 = Debug|Win32
		{C985AF51-F4D7-4DC9-A926-B5EDA5F0DBCC}.Release|x64.ActiveCfg = Release|x64
		{C985AF51-F4D7-4DC9-A926-B5EDA5F0DBCC}.Release|x64.Build.0 = Release|x64
		{C985AF51-F4D7-4DC9-A926-B5EDA5F0DBCC}.Release|x86.ActiveCfg = Release|Win32
		{C985AF51-F4D7-4DC9-A926-B5EDA5F0DBCC}.Release|x86.Build.0 = Release|Win32
		{BF68550C-6EF7-483D-9896-3D43340E2DC3}.Debug|x64.ActiveCfg = Debug|x64
		{BF68550C-6EF7-483D-9896-3D43340E2DC3}.Debug|x64.Build.0 = Debug|x64
		{BF68550C-6EF7-483D-9896-3D43340E2DC3}.Debug|x86.ActiveCfg = Debug|Win32
		{BF68550C-6EF7-483D-9896-3D43340E2DC3}.Debug|x86.Build.0 = Debug|Win32
		{BF68550C-6EF7-483D-9896-3D43340E2DC3}.Release|x64.ActiveCfg = Release|x64
		{BF68550C-6EF7-483D-9896-3D43340E2DC3}.Release|x64.Build.0 = Release|x64
		{BF68550C-6EF7-483D-9896-3D43340E2DC3}.Release|x86.ActiveCfg = Release|Win32
		{BF68550C-6EF7-483D-9896-3D43340E2DC3}.Release|x86.Build.0 = Release|Win32
		{E49C9809-8A72-4F16-9512-1D8E8155B8C6}.Debug|x64.ActiveCfg = Debug|x64
		{E49C9809-8A72-4F16-9512-1D8E8155B8C6}.Debug|x64.Build.0 = Debug|x64
		{E49C9809-8A72-4F16-9512-1D8E8155B8C6}.Debug|x86.ActiveCfg = Debug|Win32
		{E49C9809-8A72-4F16-9512-1D8E8155B8C6}.Debug|x86.Build.0 = Debug|Win32
		{E49C9809-8A72-4F16-9512-1D8E8155B8C6}.Release|x64.ActiveCfg = Release|x64
		{E49C9809-8A72-4F16-9512-1D8E8155B8C6}.Release|x64.Build.0 = Release|x64
		{E49C9809-8A72-4F16-9512-1D8E8155B8C6}.Release|x86.ActiveCfg = Release|Win32
		{E49C9809-8A72-4F16-9512-1D8E8155B8C6}.Release|x86.Build.0 = Release|Win32
		{E669CC7E-7519-4A8B-A2F2-82985C8DBB14}.Debug|x64.ActiveCfg = Debug|x64
		{E669CC7E-7519-4A8B-A2F2-82985C8DBB14}.Debug|x64.Build.0 = Debug|x64
		{E669CC7E-7519-4A8B-A2F2-82985C8DBB14}.Debug|x86.ActiveCfg = Debug|Win32
		{E669CC7E-7519-4A8B-A2F2-82985C8DBB14}.Debug|x86.Build.0 = Debug|Win32
		{E669CC7E-7519-4A8B-A2F2-82985C8DBB14}.Release|x64.ActiveCfg = Release|x64
		{E669CC7E-7519-4A8B-A2F2-82985C8DBB14}.Release|x64.Build.0 = Release|x64
		{E669CC7E-7519-4A8B-A2F2-82985C8DBB14}.Release|x86.ActiveCfg = Release|Win32
		{E669CC7E-7519-4A8B-A2F2-82985C8DBB14}.Release|x86.Build.0 = Release|Win32
		{4A2D6B37-CEE8-42B0-B640-5B1837C05D8F}.Debug|x64.ActiveCfg = Debug|x64
		{4A2D6B37-CEE8-42B0-B640-5B1837C05D8F}.Debug|x64.Build.0 = Debug|x64
		{4A2D6B37-CEE8-42B0-B640-5B1837C05D8F}.Debug|x86.ActiveCfg = Debug|Win32
		{4A2D6B37-CEE8-42B0-B640-5B1837C05D8F}.Debug|x86.Build.0 = Debug|Win32
		{4A2D6B37-CEE8-42B0-B640-5B1837C05D8F}.Release|x64.ActiveCfg = Release|x64
		{4A2D6B37-CEE8-42B0-B640-5B1837C05D8F}.Release|x64.Build.0 = Release|x64
		{4A2D6B37-CEE8-42B0-B640-5B1837C05D8F}.Release|x86.ActiveCfg = Release|Win32
		{4A2D6B37-CEE8-42B0-B640-5B1837C05D8F}.Release|x86.Build.0 = Release|Win32
		{C516AE11-4BFD-4800-84CD-2D6436A32FD0}.Debug|x64.ActiveCfg = Debug|x64
		{C516AE11-4BFD-4800-84CD-2D6436A32FD0}.Debug|x64.Build.0 = Debug|x64
		{C516AE11-4BFD-4800-84CD-2D6436A32FD0}.Debug|x86.ActiveCfg = Debug|Win32
		{C516AE11-4BFD-4800-84CD-2D6436A32FD0}.Debug|x86.Build.0 = Debug|Win32
		{C516AE11-4BFD-4800-84CD-2D6436A32FD0}.Release|x64.ActiveCfg = Release|x64
		{C516AE11-4BFD-4800-84CD-2D6436A32FD0}.Release|x64.Build.0 = Release|x64
		{C516AE11-4BFD-4800-84CD-2D6436A32FD0}.Release|x86.ActiveCfg = Release|Win32
		{C516AE11-4BFD-4800-84CD-2D6436A32FD0}.Release|x86.Build.0 = Release|Win32
		{84E50E2A-BF9C-4CEC-AC6D-CF19B3CF1479}.Debug|x64.ActiveCfg = Debug|x64
		{84E50E2A-BF9C-4CEC-AC6D-CF19B3CF1479}.Debug|x64.Build.0 = Debug|x64
		{84E50E2A-BF9C-4CEC-AC6D-CF19B3CF1479}.Debug|x86.ActiveCfg = Debug|Win32
		{84E50E2A-BF9C-4CEC-AC6D-CF19B3CF1479}.Debug|x86.Build.0 = Debug|Win32
		{84E50E2A-BF9C-4CEC-AC6D-CF19B3CF1479}.Release|x64.ActiveCfg = Release|x64
		{84E50E2A-BF9C-4CEC-AC6D-CF19B3CF1479}.Release|x64.Build.0 = Release|x64
		{84E50E2A-BF9C-4CEC-AC6D-CF19B3CF1479}.Release|x86.ActiveCfg = Release|Win32
		{84E50E2A-BF9C-4CEC-AC6D-CF19B3CF1479}.Release|x86.Build.0 = Release|Win32
		{E2FBA61B-51DD-4061-A7EC-88D8C101F641}.Debug|x64.ActiveCfg = Debug|x64
		{E2FBA61B-51DD-4061-A7EC-88D8C101F641}.Debug|x64.Build.0 = Debug|x64
		{E2FBA61B-51DD-4061-A7EC-88D8C101F641}.Debug|x86.ActiveCfg = Debug|Win32
		{E2FBA61B-51DD-4061-A7EC-88D8C101F641}.Debug|x86.Build.0 = Debug|Win32
		{E2FBA61B-51DD-4061-A7EC-88D8C101F641}.Release|x64.ActiveCfg = Release|x64
		{E2FBA61B-51DD-4061-A7EC-88D8C101F641}.Release|x64.Build.0 = Release|x64
		{E2FBA61B-51DD-4061-A7EC-88D8C101F641}.Release|x86.ActiveCfg = Release|Win32
		{E2FBA61B-51DD-4061-A7EC-88D8C101F641}.Release|x86.Build.0 = Release|Win32
	EndGlobalSection
	GlobalSection(SolutionProperties) = preSolution
		HideSolutionNode = FALSE
	EndGlobalSection
	GlobalSection(ExtensibilityGlobals) = postSolution
		SolutionGuid = {EF99E5C9-4864-405B-AD31-86B8C649F2A7}
	EndGlobalSection
EndGlobal
